
Microsoft Visual Studio Solution File, Format Version 12.00
# Visual Studio 14
VisualStudioVersion = 14.0.25420.1
MinimumVisualStudioVersion = 10.0.40219.1
Project("{FAE04EC0-301F-11D3-BF4B-00C04F79EFBC}") = "Aircall", "Aircall.csproj", "{946C72D0-BDEB-4257-ADDB-7CE00BB277D7}"
EndProject
Project("{FAE04EC0-301F-11D3-BF4B-00C04F79EFBC}") = "BizObjects", "..\AircallObjects\BizObjects\BizObjects.csproj", "{3E4D60CD-9EB6-4562-8A9A-938A7AE3527C}"
EndProject
Project("{FAE04EC0-301F-11D3-BF4B-00C04F79EFBC}") = "dblib", "..\AircallObjects\dblib\dblib.csproj", "{0D69C31D-F196-4970-8AF6-A690D9B33054}"
EndProject
Project("{FAE04EC0-301F-11D3-BF4B-00C04F79EFBC}") = "Services", "..\AircallObjects\Services\Services.csproj", "{E8426805-5A3C-49C2-96D5-C5719C97CD49}"
EndProject
Project("{FAE04EC0-301F-11D3-BF4B-00C04F79EFBC}") = "api", "api\api.csproj", "{17B8F3DB-79E1-4CB1-8BE3-6BAE5D9BBBD8}"
EndProject
Project("{FAE04EC0-301F-11D3-BF4B-00C04F79EFBC}") = "AuthorizeNetLib", "..\AuthorizeNetLib\AuthorizeNetLib.csproj", "{437C4E84-5F50-4A8F-933D-259003BB4597}"
EndProject
Project("{FAE04EC0-301F-11D3-BF4B-00C04F79EFBC}") = "TestPanel", "TestPanel\TestPanel.csproj", "{0FC7444A-DF34-4569-8138-2691B0985A5B}"
EndProject
Project("{FAE04EC0-301F-11D3-BF4B-00C04F79EFBC}") = "DBUtility", "..\DBUtility\DBUtility.csproj", "{EE627DC5-6AAC-4955-B0BF-1C922CBACA03}"
EndProject
Project("{FAE04EC0-301F-11D3-BF4B-00C04F79EFBC}") = "AuthorizeNetScheduler", "..\AuthorizeNetScheduler\AuthorizeNetScheduler.csproj", "{FCE15A0D-4E10-4736-AFB1-E87FF9F52A22}"
EndProject
Project("{FAE04EC0-301F-11D3-BF4B-00C04F79EFBC}") = "LogUtility", "..\LogUtility\LogUtility.csproj", "{046DC84F-DD34-4B8F-A426-2396F451768D}"
EndProject
Project("{6141683F-8A12-4E36-9623-2EB02B2C2303}") = "AuthorizeNetServiceSetup", "..\AuthorizeNetServiceSetup\AuthorizeNetServiceSetup.isproj", "{A71613E9-38B3-4CCA-B291-2BF604C69632}"
	ProjectSection(ProjectDependencies) = postProject
		{FCE15A0D-4E10-4736-AFB1-E87FF9F52A22} = {FCE15A0D-4E10-4736-AFB1-E87FF9F52A22}
	EndProjectSection
EndProject
Global
	GlobalSection(SolutionConfigurationPlatforms) = preSolution
		CD_ROM|Any CPU = CD_ROM|Any CPU
		CD_ROM|x64 = CD_ROM|x64
		CD_ROM|x86 = CD_ROM|x86
		Debug|Any CPU = Debug|Any CPU
		Debug|x64 = Debug|x64
		Debug|x86 = Debug|x86
		DVD-5|Any CPU = DVD-5|Any CPU
		DVD-5|x64 = DVD-5|x64
		DVD-5|x86 = DVD-5|x86
		Release|Any CPU = Release|Any CPU
		Release|x64 = Release|x64
		Release|x86 = Release|x86
		SingleImage|Any CPU = SingleImage|Any CPU
		SingleImage|x64 = SingleImage|x64
		SingleImage|x86 = SingleImage|x86
	EndGlobalSection
	GlobalSection(ProjectConfigurationPlatforms) = postSolution
		{946C72D0-BDEB-4257-ADDB-7CE00BB277D7}.CD_ROM|Any CPU.ActiveCfg = Release|Any CPU
		{946C72D0-BDEB-4257-ADDB-7CE00BB277D7}.CD_ROM|Any CPU.Build.0 = Release|Any CPU
		{946C72D0-BDEB-4257-ADDB-7CE00BB277D7}.CD_ROM|x64.ActiveCfg = Release|Any CPU
		{946C72D0-BDEB-4257-ADDB-7CE00BB277D7}.CD_ROM|x64.Build.0 = Release|Any CPU
		{946C72D0-BDEB-4257-ADDB-7CE00BB277D7}.CD_ROM|x86.ActiveCfg = Release|Any CPU
		{946C72D0-BDEB-4257-ADDB-7CE00BB277D7}.CD_ROM|x86.Build.0 = Release|Any CPU
		{946C72D0-BDEB-4257-ADDB-7CE00BB277D7}.Debug|Any CPU.ActiveCfg = Debug|Any CPU
		{946C72D0-BDEB-4257-ADDB-7CE00BB277D7}.Debug|Any CPU.Build.0 = Debug|Any CPU
		{946C72D0-BDEB-4257-ADDB-7CE00BB277D7}.Debug|x64.ActiveCfg = Debug|Any CPU
		{946C72D0-BDEB-4257-ADDB-7CE00BB277D7}.Debug|x64.Build.0 = Debug|Any CPU
		{946C72D0-BDEB-4257-ADDB-7CE00BB277D7}.Debug|x86.ActiveCfg = Debug|Any CPU
		{946C72D0-BDEB-4257-ADDB-7CE00BB277D7}.Debug|x86.Build.0 = Debug|Any CPU
		{946C72D0-BDEB-4257-ADDB-7CE00BB277D7}.DVD-5|Any CPU.ActiveCfg = Debug|Any CPU
		{946C72D0-BDEB-4257-ADDB-7CE00BB277D7}.DVD-5|Any CPU.Build.0 = Debug|Any CPU
		{946C72D0-BDEB-4257-ADDB-7CE00BB277D7}.DVD-5|x64.ActiveCfg = Debug|Any CPU
		{946C72D0-BDEB-4257-ADDB-7CE00BB277D7}.DVD-5|x64.Build.0 = Debug|Any CPU
		{946C72D0-BDEB-4257-ADDB-7CE00BB277D7}.DVD-5|x86.ActiveCfg = Debug|Any CPU
		{946C72D0-BDEB-4257-ADDB-7CE00BB277D7}.DVD-5|x86.Build.0 = Debug|Any CPU
		{946C72D0-BDEB-4257-ADDB-7CE00BB277D7}.Release|Any CPU.ActiveCfg = Release|Any CPU
		{946C72D0-BDEB-4257-ADDB-7CE00BB277D7}.Release|Any CPU.Build.0 = Release|Any CPU
		{946C72D0-BDEB-4257-ADDB-7CE00BB277D7}.Release|x64.ActiveCfg = Release|Any CPU
		{946C72D0-BDEB-4257-ADDB-7CE00BB277D7}.Release|x64.Build.0 = Release|Any CPU
		{946C72D0-BDEB-4257-ADDB-7CE00BB277D7}.Release|x86.ActiveCfg = Release|Any CPU
		{946C72D0-BDEB-4257-ADDB-7CE00BB277D7}.Release|x86.Build.0 = Release|Any CPU
		{946C72D0-BDEB-4257-ADDB-7CE00BB277D7}.SingleImage|Any CPU.ActiveCfg = Release|Any CPU
		{946C72D0-BDEB-4257-ADDB-7CE00BB277D7}.SingleImage|Any CPU.Build.0 = Release|Any CPU
		{946C72D0-BDEB-4257-ADDB-7CE00BB277D7}.SingleImage|x64.ActiveCfg = Release|Any CPU
		{946C72D0-BDEB-4257-ADDB-7CE00BB277D7}.SingleImage|x64.Build.0 = Release|Any CPU
		{946C72D0-BDEB-4257-ADDB-7CE00BB277D7}.SingleImage|x86.ActiveCfg = Release|Any CPU
		{946C72D0-BDEB-4257-ADDB-7CE00BB277D7}.SingleImage|x86.Build.0 = Release|Any CPU
		{3E4D60CD-9EB6-4562-8A9A-938A7AE3527C}.CD_ROM|Any CPU.ActiveCfg = Release|Any CPU
		{3E4D60CD-9EB6-4562-8A9A-938A7AE3527C}.CD_ROM|Any CPU.Build.0 = Release|Any CPU
		{3E4D60CD-9EB6-4562-8A9A-938A7AE3527C}.CD_ROM|x64.ActiveCfg = Release|Any CPU
		{3E4D60CD-9EB6-4562-8A9A-938A7AE3527C}.CD_ROM|x64.Build.0 = Release|Any CPU
		{3E4D60CD-9EB6-4562-8A9A-938A7AE3527C}.CD_ROM|x86.ActiveCfg = Release|Any CPU
		{3E4D60CD-9EB6-4562-8A9A-938A7AE3527C}.CD_ROM|x86.Build.0 = Release|Any CPU
		{3E4D60CD-9EB6-4562-8A9A-938A7AE3527C}.Debug|Any CPU.ActiveCfg = Debug|Any CPU
		{3E4D60CD-9EB6-4562-8A9A-938A7AE3527C}.Debug|Any CPU.Build.0 = Debug|Any CPU
		{3E4D60CD-9EB6-4562-8A9A-938A7AE3527C}.Debug|x64.ActiveCfg = Debug|Any CPU
		{3E4D60CD-9EB6-4562-8A9A-938A7AE3527C}.Debug|x64.Build.0 = Debug|Any CPU
		{3E4D60CD-9EB6-4562-8A9A-938A7AE3527C}.Debug|x86.ActiveCfg = Debug|Any CPU
		{3E4D60CD-9EB6-4562-8A9A-938A7AE3527C}.Debug|x86.Build.0 = Debug|Any CPU
		{3E4D60CD-9EB6-4562-8A9A-938A7AE3527C}.DVD-5|Any CPU.ActiveCfg = Debug|Any CPU
		{3E4D60CD-9EB6-4562-8A9A-938A7AE3527C}.DVD-5|Any CPU.Build.0 = Debug|Any CPU
		{3E4D60CD-9EB6-4562-8A9A-938A7AE3527C}.DVD-5|x64.ActiveCfg = Debug|Any CPU
		{3E4D60CD-9EB6-4562-8A9A-938A7AE3527C}.DVD-5|x64.Build.0 = Debug|Any CPU
		{3E4D60CD-9EB6-4562-8A9A-938A7AE3527C}.DVD-5|x86.ActiveCfg = Debug|Any CPU
		{3E4D60CD-9EB6-4562-8A9A-938A7AE3527C}.DVD-5|x86.Build.0 = Debug|Any CPU
		{3E4D60CD-9EB6-4562-8A9A-938A7AE3527C}.Release|Any CPU.ActiveCfg = Release|Any CPU
		{3E4D60CD-9EB6-4562-8A9A-938A7AE3527C}.Release|Any CPU.Build.0 = Release|Any CPU
		{3E4D60CD-9EB6-4562-8A9A-938A7AE3527C}.Release|x64.ActiveCfg = Release|Any CPU
		{3E4D60CD-9EB6-4562-8A9A-938A7AE3527C}.Release|x64.Build.0 = Release|Any CPU
		{3E4D60CD-9EB6-4562-8A9A-938A7AE3527C}.Release|x86.ActiveCfg = Release|Any CPU
		{3E4D60CD-9EB6-4562-8A9A-938A7AE3527C}.Release|x86.Build.0 = Release|Any CPU
		{3E4D60CD-9EB6-4562-8A9A-938A7AE3527C}.SingleImage|Any CPU.ActiveCfg = Release|Any CPU
		{3E4D60CD-9EB6-4562-8A9A-938A7AE3527C}.SingleImage|Any CPU.Build.0 = Release|Any CPU
		{3E4D60CD-9EB6-4562-8A9A-938A7AE3527C}.SingleImage|x64.ActiveCfg = Release|Any CPU
		{3E4D60CD-9EB6-4562-8A9A-938A7AE3527C}.SingleImage|x64.Build.0 = Release|Any CPU
		{3E4D60CD-9EB6-4562-8A9A-938A7AE3527C}.SingleImage|x86.ActiveCfg = Release|Any CPU
		{3E4D60CD-9EB6-4562-8A9A-938A7AE3527C}.SingleImage|x86.Build.0 = Release|Any CPU
		{0D69C31D-F196-4970-8AF6-A690D9B33054}.CD_ROM|Any CPU.ActiveCfg = Release|Any CPU
		{0D69C31D-F196-4970-8AF6-A690D9B33054}.CD_ROM|Any CPU.Build.0 = Release|Any CPU
		{0D69C31D-F196-4970-8AF6-A690D9B33054}.CD_ROM|x64.ActiveCfg = Release|Any CPU
		{0D69C31D-F196-4970-8AF6-A690D9B33054}.CD_ROM|x64.Build.0 = Release|Any CPU
		{0D69C31D-F196-4970-8AF6-A690D9B33054}.CD_ROM|x86.ActiveCfg = Release|Any CPU
		{0D69C31D-F196-4970-8AF6-A690D9B33054}.CD_ROM|x86.Build.0 = Release|Any CPU
		{0D69C31D-F196-4970-8AF6-A690D9B33054}.Debug|Any CPU.ActiveCfg = Debug|Any CPU
		{0D69C31D-F196-4970-8AF6-A690D9B33054}.Debug|Any CPU.Build.0 = Debug|Any CPU
		{0D69C31D-F196-4970-8AF6-A690D9B33054}.Debug|x64.ActiveCfg = Debug|Any CPU
		{0D69C31D-F196-4970-8AF6-A690D9B33054}.Debug|x64.Build.0 = Debug|Any CPU
		{0D69C31D-F196-4970-8AF6-A690D9B33054}.Debug|x86.ActiveCfg = Debug|Any CPU
		{0D69C31D-F196-4970-8AF6-A690D9B33054}.Debug|x86.Build.0 = Debug|Any CPU
		{0D69C31D-F196-4970-8AF6-A690D9B33054}.DVD-5|Any CPU.ActiveCfg = Debug|Any CPU
		{0D69C31D-F196-4970-8AF6-A690D9B33054}.DVD-5|Any CPU.Build.0 = Debug|Any CPU
		{0D69C31D-F196-4970-8AF6-A690D9B33054}.DVD-5|x64.ActiveCfg = Debug|Any CPU
		{0D69C31D-F196-4970-8AF6-A690D9B33054}.DVD-5|x64.Build.0 = Debug|Any CPU
		{0D69C31D-F196-4970-8AF6-A690D9B33054}.DVD-5|x86.ActiveCfg = Debug|Any CPU
		{0D69C31D-F196-4970-8AF6-A690D9B33054}.DVD-5|x86.Build.0 = Debug|Any CPU
		{0D69C31D-F196-4970-8AF6-A690D9B33054}.Release|Any CPU.ActiveCfg = Release|Any CPU
		{0D69C31D-F196-4970-8AF6-A690D9B33054}.Release|Any CPU.Build.0 = Release|Any CPU
		{0D69C31D-F196-4970-8AF6-A690D9B33054}.Release|x64.ActiveCfg = Release|Any CPU
		{0D69C31D-F196-4970-8AF6-A690D9B33054}.Release|x64.Build.0 = Release|Any CPU
		{0D69C31D-F196-4970-8AF6-A690D9B33054}.Release|x86.ActiveCfg = Release|Any CPU
		{0D69C31D-F196-4970-8AF6-A690D9B33054}.Release|x86.Build.0 = Release|Any CPU
		{0D69C31D-F196-4970-8AF6-A690D9B33054}.SingleImage|Any CPU.ActiveCfg = Release|Any CPU
		{0D69C31D-F196-4970-8AF6-A690D9B33054}.SingleImage|Any CPU.Build.0 = Release|Any CPU
		{0D69C31D-F196-4970-8AF6-A690D9B33054}.SingleImage|x64.ActiveCfg = Release|Any CPU
		{0D69C31D-F196-4970-8AF6-A690D9B33054}.SingleImage|x64.Build.0 = Release|Any CPU
		{0D69C31D-F196-4970-8AF6-A690D9B33054}.SingleImage|x86.ActiveCfg = Release|Any CPU
		{0D69C31D-F196-4970-8AF6-A690D9B33054}.SingleImage|x86.Build.0 = Release|Any CPU
		{E8426805-5A3C-49C2-96D5-C5719C97CD49}.CD_ROM|Any CPU.ActiveCfg = Release|Any CPU
		{E8426805-5A3C-49C2-96D5-C5719C97CD49}.CD_ROM|Any CPU.Build.0 = Release|Any CPU
		{E8426805-5A3C-49C2-96D5-C5719C97CD49}.CD_ROM|x64.ActiveCfg = Release|Any CPU
		{E8426805-5A3C-49C2-96D5-C5719C97CD49}.CD_ROM|x64.Build.0 = Release|Any CPU
		{E8426805-5A3C-49C2-96D5-C5719C97CD49}.CD_ROM|x86.ActiveCfg = Release|Any CPU
		{E8426805-5A3C-49C2-96D5-C5719C97CD49}.CD_ROM|x86.Build.0 = Release|Any CPU
		{E8426805-5A3C-49C2-96D5-C5719C97CD49}.Debug|Any CPU.ActiveCfg = Debug|Any CPU
		{E8426805-5A3C-49C2-96D5-C5719C97CD49}.Debug|Any CPU.Build.0 = Debug|Any CPU
		{E8426805-5A3C-49C2-96D5-C5719C97CD49}.Debug|x64.ActiveCfg = Debug|Any CPU
		{E8426805-5A3C-49C2-96D5-C5719C97CD49}.Debug|x64.Build.0 = Debug|Any CPU
		{E8426805-5A3C-49C2-96D5-C5719C97CD49}.Debug|x86.ActiveCfg = Debug|Any CPU
		{E8426805-5A3C-49C2-96D5-C5719C97CD49}.Debug|x86.Build.0 = Debug|Any CPU
		{E8426805-5A3C-49C2-96D5-C5719C97CD49}.DVD-5|Any CPU.ActiveCfg = Debug|Any CPU
		{E8426805-5A3C-49C2-96D5-C5719C97CD49}.DVD-5|Any CPU.Build.0 = Debug|Any CPU
		{E8426805-5A3C-49C2-96D5-C5719C97CD49}.DVD-5|x64.ActiveCfg = Debug|Any CPU
		{E8426805-5A3C-49C2-96D5-C5719C97CD49}.DVD-5|x64.Build.0 = Debug|Any CPU
		{E8426805-5A3C-49C2-96D5-C5719C97CD49}.DVD-5|x86.ActiveCfg = Debug|Any CPU
		{E8426805-5A3C-49C2-96D5-C5719C97CD49}.DVD-5|x86.Build.0 = Debug|Any CPU
		{E8426805-5A3C-49C2-96D5-C5719C97CD49}.Release|Any CPU.ActiveCfg = Release|Any CPU
		{E8426805-5A3C-49C2-96D5-C5719C97CD49}.Release|Any CPU.Build.0 = Release|Any CPU
		{E8426805-5A3C-49C2-96D5-C5719C97CD49}.Release|x64.ActiveCfg = Release|Any CPU
		{E8426805-5A3C-49C2-96D5-C5719C97CD49}.Release|x64.Build.0 = Release|Any CPU
		{E8426805-5A3C-49C2-96D5-C5719C97CD49}.Release|x86.ActiveCfg = Release|Any CPU
		{E8426805-5A3C-49C2-96D5-C5719C97CD49}.Release|x86.Build.0 = Release|Any CPU
		{E8426805-5A3C-49C2-96D5-C5719C97CD49}.SingleImage|Any CPU.ActiveCfg = Release|Any CPU
		{E8426805-5A3C-49C2-96D5-C5719C97CD49}.SingleImage|Any CPU.Build.0 = Release|Any CPU
		{E8426805-5A3C-49C2-96D5-C5719C97CD49}.SingleImage|x64.ActiveCfg = Release|Any CPU
		{E8426805-5A3C-49C2-96D5-C5719C97CD49}.SingleImage|x64.Build.0 = Release|Any CPU
		{E8426805-5A3C-49C2-96D5-C5719C97CD49}.SingleImage|x86.ActiveCfg = Release|Any CPU
		{E8426805-5A3C-49C2-96D5-C5719C97CD49}.SingleImage|x86.Build.0 = Release|Any CPU
		{17B8F3DB-79E1-4CB1-8BE3-6BAE5D9BBBD8}.CD_ROM|Any CPU.ActiveCfg = Release|Any CPU
		{17B8F3DB-79E1-4CB1-8BE3-6BAE5D9BBBD8}.CD_ROM|Any CPU.Build.0 = Release|Any CPU
		{17B8F3DB-79E1-4CB1-8BE3-6BAE5D9BBBD8}.CD_ROM|x64.ActiveCfg = Release|Any CPU
		{17B8F3DB-79E1-4CB1-8BE3-6BAE5D9BBBD8}.CD_ROM|x64.Build.0 = Release|Any CPU
		{17B8F3DB-79E1-4CB1-8BE3-6BAE5D9BBBD8}.CD_ROM|x86.ActiveCfg = Release|Any CPU
		{17B8F3DB-79E1-4CB1-8BE3-6BAE5D9BBBD8}.CD_ROM|x86.Build.0 = Release|Any CPU
		{17B8F3DB-79E1-4CB1-8BE3-6BAE5D9BBBD8}.Debug|Any CPU.ActiveCfg = Debug|Any CPU
		{17B8F3DB-79E1-4CB1-8BE3-6BAE5D9BBBD8}.Debug|Any CPU.Build.0 = Debug|Any CPU
		{17B8F3DB-79E1-4CB1-8BE3-6BAE5D9BBBD8}.Debug|x64.ActiveCfg = Debug|Any CPU
		{17B8F3DB-79E1-4CB1-8BE3-6BAE5D9BBBD8}.Debug|x64.Build.0 = Debug|Any CPU
		{17B8F3DB-79E1-4CB1-8BE3-6BAE5D9BBBD8}.Debug|x86.ActiveCfg = Debug|Any CPU
		{17B8F3DB-79E1-4CB1-8BE3-6BAE5D9BBBD8}.Debug|x86.Build.0 = Debug|Any CPU
		{17B8F3DB-79E1-4CB1-8BE3-6BAE5D9BBBD8}.DVD-5|Any CPU.ActiveCfg = Debug|Any CPU
		{17B8F3DB-79E1-4CB1-8BE3-6BAE5D9BBBD8}.DVD-5|Any CPU.Build.0 = Debug|Any CPU
		{17B8F3DB-79E1-4CB1-8BE3-6BAE5D9BBBD8}.DVD-5|x64.ActiveCfg = Debug|Any CPU
		{17B8F3DB-79E1-4CB1-8BE3-6BAE5D9BBBD8}.DVD-5|x64.Build.0 = Debug|Any CPU
		{17B8F3DB-79E1-4CB1-8BE3-6BAE5D9BBBD8}.DVD-5|x86.ActiveCfg = Debug|Any CPU
		{17B8F3DB-79E1-4CB1-8BE3-6BAE5D9BBBD8}.DVD-5|x86.Build.0 = Debug|Any CPU
		{17B8F3DB-79E1-4CB1-8BE3-6BAE5D9BBBD8}.Release|Any CPU.ActiveCfg = Release|Any CPU
		{17B8F3DB-79E1-4CB1-8BE3-6BAE5D9BBBD8}.Release|Any CPU.Build.0 = Release|Any CPU
		{17B8F3DB-79E1-4CB1-8BE3-6BAE5D9BBBD8}.Release|x64.ActiveCfg = Release|Any CPU
		{17B8F3DB-79E1-4CB1-8BE3-6BAE5D9BBBD8}.Release|x64.Build.0 = Release|Any CPU
		{17B8F3DB-79E1-4CB1-8BE3-6BAE5D9BBBD8}.Release|x86.ActiveCfg = Release|Any CPU
		{17B8F3DB-79E1-4CB1-8BE3-6BAE5D9BBBD8}.Release|x86.Build.0 = Release|Any CPU
		{17B8F3DB-79E1-4CB1-8BE3-6BAE5D9BBBD8}.SingleImage|Any CPU.ActiveCfg = Release|Any CPU
		{17B8F3DB-79E1-4CB1-8BE3-6BAE5D9BBBD8}.SingleImage|Any CPU.Build.0 = Release|Any CPU
		{17B8F3DB-79E1-4CB1-8BE3-6BAE5D9BBBD8}.SingleImage|x64.ActiveCfg = Release|Any CPU
		{17B8F3DB-79E1-4CB1-8BE3-6BAE5D9BBBD8}.SingleImage|x64.Build.0 = Release|Any CPU
		{17B8F3DB-79E1-4CB1-8BE3-6BAE5D9BBBD8}.SingleImage|x86.ActiveCfg = Release|Any CPU
		{17B8F3DB-79E1-4CB1-8BE3-6BAE5D9BBBD8}.SingleImage|x86.Build.0 = Release|Any CPU
		{437C4E84-5F50-4A8F-933D-259003BB4597}.CD_ROM|Any CPU.ActiveCfg = Release|Any CPU
		{437C4E84-5F50-4A8F-933D-259003BB4597}.CD_ROM|Any CPU.Build.0 = Release|Any CPU
		{437C4E84-5F50-4A8F-933D-259003BB4597}.CD_ROM|x64.ActiveCfg = Release|Any CPU
		{437C4E84-5F50-4A8F-933D-259003BB4597}.CD_ROM|x64.Build.0 = Release|Any CPU
		{437C4E84-5F50-4A8F-933D-259003BB4597}.CD_ROM|x86.ActiveCfg = Release|Any CPU
		{437C4E84-5F50-4A8F-933D-259003BB4597}.CD_ROM|x86.Build.0 = Release|Any CPU
		{437C4E84-5F50-4A8F-933D-259003BB4597}.Debug|Any CPU.ActiveCfg = Debug|Any CPU
		{437C4E84-5F50-4A8F-933D-259003BB4597}.Debug|Any CPU.Build.0 = Debug|Any CPU
		{437C4E84-5F50-4A8F-933D-259003BB4597}.Debug|x64.ActiveCfg = Debug|Any CPU
		{437C4E84-5F50-4A8F-933D-259003BB4597}.Debug|x64.Build.0 = Debug|Any CPU
		{437C4E84-5F50-4A8F-933D-259003BB4597}.Debug|x86.ActiveCfg = Debug|Any CPU
		{437C4E84-5F50-4A8F-933D-259003BB4597}.Debug|x86.Build.0 = Debug|Any CPU
		{437C4E84-5F50-4A8F-933D-259003BB4597}.DVD-5|Any CPU.ActiveCfg = Debug|Any CPU
		{437C4E84-5F50-4A8F-933D-259003BB4597}.DVD-5|Any CPU.Build.0 = Debug|Any CPU
		{437C4E84-5F50-4A8F-933D-259003BB4597}.DVD-5|x64.ActiveCfg = Debug|Any CPU
		{437C4E84-5F50-4A8F-933D-259003BB4597}.DVD-5|x64.Build.0 = Debug|Any CPU
		{437C4E84-5F50-4A8F-933D-259003BB4597}.DVD-5|x86.ActiveCfg = Debug|Any CPU
		{437C4E84-5F50-4A8F-933D-259003BB4597}.DVD-5|x86.Build.0 = Debug|Any CPU
		{437C4E84-5F50-4A8F-933D-259003BB4597}.Release|Any CPU.ActiveCfg = Release|Any CPU
		{437C4E84-5F50-4A8F-933D-259003BB4597}.Release|Any CPU.Build.0 = Release|Any CPU
		{437C4E84-5F50-4A8F-933D-259003BB4597}.Release|x64.ActiveCfg = Release|Any CPU
		{437C4E84-5F50-4A8F-933D-259003BB4597}.Release|x64.Build.0 = Release|Any CPU
		{437C4E84-5F50-4A8F-933D-259003BB4597}.Release|x86.ActiveCfg = Release|Any CPU
		{437C4E84-5F50-4A8F-933D-259003BB4597}.Release|x86.Build.0 = Release|Any CPU
		{437C4E84-5F50-4A8F-933D-259003BB4597}.SingleImage|Any CPU.ActiveCfg = Release|Any CPU
		{437C4E84-5F50-4A8F-933D-259003BB4597}.SingleImage|Any CPU.Build.0 = Release|Any CPU
		{437C4E84-5F50-4A8F-933D-259003BB4597}.SingleImage|x64.ActiveCfg = Release|Any CPU
		{437C4E84-5F50-4A8F-933D-259003BB4597}.SingleImage|x64.Build.0 = Release|Any CPU
		{437C4E84-5F50-4A8F-933D-259003BB4597}.SingleImage|x86.ActiveCfg = Release|Any CPU
		{437C4E84-5F50-4A8F-933D-259003BB4597}.SingleImage|x86.Build.0 = Release|Any CPU
		{0FC7444A-DF34-4569-8138-2691B0985A5B}.CD_ROM|Any CPU.ActiveCfg = Release|Any CPU
		{0FC7444A-DF34-4569-8138-2691B0985A5B}.CD_ROM|Any CPU.Build.0 = Release|Any CPU
		{0FC7444A-DF34-4569-8138-2691B0985A5B}.CD_ROM|x64.ActiveCfg = Release|Any CPU
		{0FC7444A-DF34-4569-8138-2691B0985A5B}.CD_ROM|x64.Build.0 = Release|Any CPU
		{0FC7444A-DF34-4569-8138-2691B0985A5B}.CD_ROM|x86.ActiveCfg = Release|Any CPU
		{0FC7444A-DF34-4569-8138-2691B0985A5B}.CD_ROM|x86.Build.0 = Release|Any CPU
		{0FC7444A-DF34-4569-8138-2691B0985A5B}.Debug|Any CPU.ActiveCfg = Debug|Any CPU
		{0FC7444A-DF34-4569-8138-2691B0985A5B}.Debug|Any CPU.Build.0 = Debug|Any CPU
		{0FC7444A-DF34-4569-8138-2691B0985A5B}.Debug|x64.ActiveCfg = Debug|Any CPU
		{0FC7444A-DF34-4569-8138-2691B0985A5B}.Debug|x64.Build.0 = Debug|Any CPU
		{0FC7444A-DF34-4569-8138-2691B0985A5B}.Debug|x86.ActiveCfg = Debug|Any CPU
		{0FC7444A-DF34-4569-8138-2691B0985A5B}.Debug|x86.Build.0 = Debug|Any CPU
		{0FC7444A-DF34-4569-8138-2691B0985A5B}.DVD-5|Any CPU.ActiveCfg = Debug|Any CPU
		{0FC7444A-DF34-4569-8138-2691B0985A5B}.DVD-5|Any CPU.Build.0 = Debug|Any CPU
		{0FC7444A-DF34-4569-8138-2691B0985A5B}.DVD-5|x64.ActiveCfg = Debug|Any CPU
		{0FC7444A-DF34-4569-8138-2691B0985A5B}.DVD-5|x64.Build.0 = Debug|Any CPU
		{0FC7444A-DF34-4569-8138-2691B0985A5B}.DVD-5|x86.ActiveCfg = Debug|Any CPU
		{0FC7444A-DF34-4569-8138-2691B0985A5B}.DVD-5|x86.Build.0 = Debug|Any CPU
		{0FC7444A-DF34-4569-8138-2691B0985A5B}.Release|Any CPU.ActiveCfg = Release|Any CPU
		{0FC7444A-DF34-4569-8138-2691B0985A5B}.Release|Any CPU.Build.0 = Release|Any CPU
		{0FC7444A-DF34-4569-8138-2691B0985A5B}.Release|x64.ActiveCfg = Release|Any CPU
		{0FC7444A-DF34-4569-8138-2691B0985A5B}.Release|x64.Build.0 = Release|Any CPU
		{0FC7444A-DF34-4569-8138-2691B0985A5B}.Release|x86.ActiveCfg = Release|Any CPU
		{0FC7444A-DF34-4569-8138-2691B0985A5B}.Release|x86.Build.0 = Release|Any CPU
		{0FC7444A-DF34-4569-8138-2691B0985A5B}.SingleImage|Any CPU.ActiveCfg = Release|Any CPU
		{0FC7444A-DF34-4569-8138-2691B0985A5B}.SingleImage|Any CPU.Build.0 = Release|Any CPU
		{0FC7444A-DF34-4569-8138-2691B0985A5B}.SingleImage|x64.ActiveCfg = Release|Any CPU
		{0FC7444A-DF34-4569-8138-2691B0985A5B}.SingleImage|x64.Build.0 = Release|Any CPU
		{0FC7444A-DF34-4569-8138-2691B0985A5B}.SingleImage|x86.ActiveCfg = Release|Any CPU
		{0FC7444A-DF34-4569-8138-2691B0985A5B}.SingleImage|x86.Build.0 = Release|Any CPU
		{EE627DC5-6AAC-4955-B0BF-1C922CBACA03}.CD_ROM|Any CPU.ActiveCfg = Release|Any CPU
		{EE627DC5-6AAC-4955-B0BF-1C922CBACA03}.CD_ROM|Any CPU.Build.0 = Release|Any CPU
		{EE627DC5-6AAC-4955-B0BF-1C922CBACA03}.CD_ROM|x64.ActiveCfg = Release|x64
		{EE627DC5-6AAC-4955-B0BF-1C922CBACA03}.CD_ROM|x64.Build.0 = Release|x64
		{EE627DC5-6AAC-4955-B0BF-1C922CBACA03}.CD_ROM|x86.ActiveCfg = Release|x86
		{EE627DC5-6AAC-4955-B0BF-1C922CBACA03}.CD_ROM|x86.Build.0 = Release|x86
		{EE627DC5-6AAC-4955-B0BF-1C922CBACA03}.Debug|Any CPU.ActiveCfg = Debug|Any CPU
		{EE627DC5-6AAC-4955-B0BF-1C922CBACA03}.Debug|Any CPU.Build.0 = Debug|Any CPU
		{EE627DC5-6AAC-4955-B0BF-1C922CBACA03}.Debug|x64.ActiveCfg = Debug|x64
		{EE627DC5-6AAC-4955-B0BF-1C922CBACA03}.Debug|x64.Build.0 = Debug|x64
		{EE627DC5-6AAC-4955-B0BF-1C922CBACA03}.Debug|x86.ActiveCfg = Debug|x86
		{EE627DC5-6AAC-4955-B0BF-1C922CBACA03}.Debug|x86.Build.0 = Debug|x86
		{EE627DC5-6AAC-4955-B0BF-1C922CBACA03}.DVD-5|Any CPU.ActiveCfg = Debug|Any CPU
		{EE627DC5-6AAC-4955-B0BF-1C922CBACA03}.DVD-5|Any CPU.Build.0 = Debug|Any CPU
		{EE627DC5-6AAC-4955-B0BF-1C922CBACA03}.DVD-5|x64.ActiveCfg = Debug|x64
		{EE627DC5-6AAC-4955-B0BF-1C922CBACA03}.DVD-5|x64.Build.0 = Debug|x64
		{EE627DC5-6AAC-4955-B0BF-1C922CBACA03}.DVD-5|x86.ActiveCfg = Debug|x86
		{EE627DC5-6AAC-4955-B0BF-1C922CBACA03}.DVD-5|x86.Build.0 = Debug|x86
		{EE627DC5-6AAC-4955-B0BF-1C922CBACA03}.Release|Any CPU.ActiveCfg = Release|Any CPU
		{EE627DC5-6AAC-4955-B0BF-1C922CBACA03}.Release|Any CPU.Build.0 = Release|Any CPU
		{EE627DC5-6AAC-4955-B0BF-1C922CBACA03}.Release|x64.ActiveCfg = Release|x64
		{EE627DC5-6AAC-4955-B0BF-1C922CBACA03}.Release|x64.Build.0 = Release|x64
		{EE627DC5-6AAC-4955-B0BF-1C922CBACA03}.Release|x86.ActiveCfg = Release|x86
		{EE627DC5-6AAC-4955-B0BF-1C922CBACA03}.Release|x86.Build.0 = Release|x86
		{EE627DC5-6AAC-4955-B0BF-1C922CBACA03}.SingleImage|Any CPU.ActiveCfg = Release|Any CPU
		{EE627DC5-6AAC-4955-B0BF-1C922CBACA03}.SingleImage|Any CPU.Build.0 = Release|Any CPU
		{EE627DC5-6AAC-4955-B0BF-1C922CBACA03}.SingleImage|x64.ActiveCfg = Release|x64
		{EE627DC5-6AAC-4955-B0BF-1C922CBACA03}.SingleImage|x64.Build.0 = Release|x64
		{EE627DC5-6AAC-4955-B0BF-1C922CBACA03}.SingleImage|x86.ActiveCfg = Release|x86
		{EE627DC5-6AAC-4955-B0BF-1C922CBACA03}.SingleImage|x86.Build.0 = Release|x86
		{FCE15A0D-4E10-4736-AFB1-E87FF9F52A22}.CD_ROM|Any CPU.ActiveCfg = Release|Any CPU
		{FCE15A0D-4E10-4736-AFB1-E87FF9F52A22}.CD_ROM|Any CPU.Build.0 = Release|Any CPU
		{FCE15A0D-4E10-4736-AFB1-E87FF9F52A22}.CD_ROM|x64.ActiveCfg = Release|Any CPU
		{FCE15A0D-4E10-4736-AFB1-E87FF9F52A22}.CD_ROM|x64.Build.0 = Release|Any CPU
		{FCE15A0D-4E10-4736-AFB1-E87FF9F52A22}.CD_ROM|x86.ActiveCfg = Release|Any CPU
		{FCE15A0D-4E10-4736-AFB1-E87FF9F52A22}.CD_ROM|x86.Build.0 = Release|Any CPU
		{FCE15A0D-4E10-4736-AFB1-E87FF9F52A22}.Debug|Any CPU.ActiveCfg = Debug|Any CPU
		{FCE15A0D-4E10-4736-AFB1-E87FF9F52A22}.Debug|Any CPU.Build.0 = Debug|Any CPU
		{FCE15A0D-4E10-4736-AFB1-E87FF9F52A22}.Debug|x64.ActiveCfg = Debug|Any CPU
		{FCE15A0D-4E10-4736-AFB1-E87FF9F52A22}.Debug|x64.Build.0 = Debug|Any CPU
		{FCE15A0D-4E10-4736-AFB1-E87FF9F52A22}.Debug|x86.ActiveCfg = Debug|Any CPU
		{FCE15A0D-4E10-4736-AFB1-E87FF9F52A22}.Debug|x86.Build.0 = Debug|Any CPU
		{FCE15A0D-4E10-4736-AFB1-E87FF9F52A22}.DVD-5|Any CPU.ActiveCfg = Debug|Any CPU
		{FCE15A0D-4E10-4736-AFB1-E87FF9F52A22}.DVD-5|Any CPU.Build.0 = Debug|Any CPU
		{FCE15A0D-4E10-4736-AFB1-E87FF9F52A22}.DVD-5|x64.ActiveCfg = Debug|Any CPU
		{FCE15A0D-4E10-4736-AFB1-E87FF9F52A22}.DVD-5|x64.Build.0 = Debug|Any CPU
		{FCE15A0D-4E10-4736-AFB1-E87FF9F52A22}.DVD-5|x86.ActiveCfg = Debug|Any CPU
		{FCE15A0D-4E10-4736-AFB1-E87FF9F52A22}.DVD-5|x86.Build.0 = Debug|Any CPU
		{FCE15A0D-4E10-4736-AFB1-E87FF9F52A22}.Release|Any CPU.ActiveCfg = Release|Any CPU
		{FCE15A0D-4E10-4736-AFB1-E87FF9F52A22}.Release|Any CPU.Build.0 = Release|Any CPU
		{FCE15A0D-4E10-4736-AFB1-E87FF9F52A22}.Release|x64.ActiveCfg = Release|Any CPU
		{FCE15A0D-4E10-4736-AFB1-E87FF9F52A22}.Release|x64.Build.0 = Release|Any CPU
		{FCE15A0D-4E10-4736-AFB1-E87FF9F52A22}.Release|x86.ActiveCfg = Release|Any CPU
		{FCE15A0D-4E10-4736-AFB1-E87FF9F52A22}.Release|x86.Build.0 = Release|Any CPU
		{FCE15A0D-4E10-4736-AFB1-E87FF9F52A22}.SingleImage|Any CPU.ActiveCfg = Release|Any CPU
		{FCE15A0D-4E10-4736-AFB1-E87FF9F52A22}.SingleImage|Any CPU.Build.0 = Release|Any CPU
		{FCE15A0D-4E10-4736-AFB1-E87FF9F52A22}.SingleImage|x64.ActiveCfg = Release|Any CPU
		{FCE15A0D-4E10-4736-AFB1-E87FF9F52A22}.SingleImage|x64.Build.0 = Release|Any CPU
		{FCE15A0D-4E10-4736-AFB1-E87FF9F52A22}.SingleImage|x86.ActiveCfg = Release|Any CPU
		{FCE15A0D-4E10-4736-AFB1-E87FF9F52A22}.SingleImage|x86.Build.0 = Release|Any CPU
		{046DC84F-DD34-4B8F-A426-2396F451768D}.CD_ROM|Any CPU.ActiveCfg = Release|Any CPU
		{046DC84F-DD34-4B8F-A426-2396F451768D}.CD_ROM|Any CPU.Build.0 = Release|Any CPU
		{046DC84F-DD34-4B8F-A426-2396F451768D}.CD_ROM|x64.ActiveCfg = Release|x64
		{046DC84F-DD34-4B8F-A426-2396F451768D}.CD_ROM|x64.Build.0 = Release|x64
		{046DC84F-DD34-4B8F-A426-2396F451768D}.CD_ROM|x86.ActiveCfg = Release|x86
		{046DC84F-DD34-4B8F-A426-2396F451768D}.CD_ROM|x86.Build.0 = Release|x86
		{046DC84F-DD34-4B8F-A426-2396F451768D}.Debug|Any CPU.ActiveCfg = Debug|Any CPU
		{046DC84F-DD34-4B8F-A426-2396F451768D}.Debug|Any CPU.Build.0 = Debug|Any CPU
		{046DC84F-DD34-4B8F-A426-2396F451768D}.Debug|x64.ActiveCfg = Debug|x64
		{046DC84F-DD34-4B8F-A426-2396F451768D}.Debug|x64.Build.0 = Debug|x64
		{046DC84F-DD34-4B8F-A426-2396F451768D}.Debug|x86.ActiveCfg = Debug|x86
		{046DC84F-DD34-4B8F-A426-2396F451768D}.Debug|x86.Build.0 = Debug|x86
		{046DC84F-DD34-4B8F-A426-2396F451768D}.DVD-5|Any CPU.ActiveCfg = Debug|Any CPU
		{046DC84F-DD34-4B8F-A426-2396F451768D}.DVD-5|Any CPU.Build.0 = Debug|Any CPU
		{046DC84F-DD34-4B8F-A426-2396F451768D}.DVD-5|x64.ActiveCfg = Debug|x64
		{046DC84F-DD34-4B8F-A426-2396F451768D}.DVD-5|x64.Build.0 = Debug|x64
		{046DC84F-DD34-4B8F-A426-2396F451768D}.DVD-5|x86.ActiveCfg = Debug|x86
		{046DC84F-DD34-4B8F-A426-2396F451768D}.DVD-5|x86.Build.0 = Debug|x86
		{046DC84F-DD34-4B8F-A426-2396F451768D}.Release|Any CPU.ActiveCfg = Release|Any CPU
		{046DC84F-DD34-4B8F-A426-2396F451768D}.Release|Any CPU.Build.0 = Release|Any CPU
		{046DC84F-DD34-4B8F-A426-2396F451768D}.Release|x64.ActiveCfg = Release|x64
		{046DC84F-DD34-4B8F-A426-2396F451768D}.Release|x64.Build.0 = Release|x64
		{046DC84F-DD34-4B8F-A426-2396F451768D}.Release|x86.ActiveCfg = Release|x86
		{046DC84F-DD34-4B8F-A426-2396F451768D}.Release|x86.Build.0 = Release|x86
		{046DC84F-DD34-4B8F-A426-2396F451768D}.SingleImage|Any CPU.ActiveCfg = Release|Any CPU
		{046DC84F-DD34-4B8F-A426-2396F451768D}.SingleImage|Any CPU.Build.0 = Release|Any CPU
		{046DC84F-DD34-4B8F-A426-2396F451768D}.SingleImage|x64.ActiveCfg = Release|x64
		{046DC84F-DD34-4B8F-A426-2396F451768D}.SingleImage|x64.Build.0 = Release|x64
		{046DC84F-DD34-4B8F-A426-2396F451768D}.SingleImage|x86.ActiveCfg = Release|x86
		{046DC84F-DD34-4B8F-A426-2396F451768D}.SingleImage|x86.Build.0 = Release|x86
		{A71613E9-38B3-4CCA-B291-2BF604C69632}.CD_ROM|Any CPU.ActiveCfg = CD_ROM
		{A71613E9-38B3-4CCA-B291-2BF604C69632}.CD_ROM|Any CPU.Build.0 = CD_ROM
		{A71613E9-38B3-4CCA-B291-2BF604C69632}.CD_ROM|x64.ActiveCfg = CD_ROM
		{A71613E9-38B3-4CCA-B291-2BF604C69632}.CD_ROM|x64.Build.0 = CD_ROM
		{A71613E9-38B3-4CCA-B291-2BF604C69632}.CD_ROM|x86.ActiveCfg = CD_ROM
		{A71613E9-38B3-4CCA-B291-2BF604C69632}.CD_ROM|x86.Build.0 = CD_ROM
		{A71613E9-38B3-4CCA-B291-2BF604C69632}.Debug|Any CPU.ActiveCfg = DVD-5
		{A71613E9-38B3-4CCA-B291-2BF604C69632}.Debug|Any CPU.Build.0 = DVD-5
		{A71613E9-38B3-4CCA-B291-2BF604C69632}.Debug|x64.ActiveCfg = DVD-5
		{A71613E9-38B3-4CCA-B291-2BF604C69632}.Debug|x64.Build.0 = DVD-5
		{A71613E9-38B3-4CCA-B291-2BF604C69632}.Debug|x86.ActiveCfg = DVD-5
		{A71613E9-38B3-4CCA-B291-2BF604C69632}.Debug|x86.Build.0 = DVD-5
		{A71613E9-38B3-4CCA-B291-2BF604C69632}.DVD-5|Any CPU.ActiveCfg = DVD-5
		{A71613E9-38B3-4CCA-B291-2BF604C69632}.DVD-5|Any CPU.Build.0 = DVD-5
		{A71613E9-38B3-4CCA-B291-2BF604C69632}.DVD-5|x64.ActiveCfg = DVD-5
		{A71613E9-38B3-4CCA-B291-2BF604C69632}.DVD-5|x64.Build.0 = DVD-5
		{A71613E9-38B3-4CCA-B291-2BF604C69632}.DVD-5|x86.ActiveCfg = DVD-5
		{A71613E9-38B3-4CCA-B291-2BF604C69632}.DVD-5|x86.Build.0 = DVD-5
		{A71613E9-38B3-4CCA-B291-2BF604C69632}.Release|Any CPU.ActiveCfg = SingleImage
		{A71613E9-38B3-4CCA-B291-2BF604C69632}.Release|Any CPU.Build.0 = SingleImage
		{A71613E9-38B3-4CCA-B291-2BF604C69632}.Release|x64.ActiveCfg = SingleImage
		{A71613E9-38B3-4CCA-B291-2BF604C69632}.Release|x64.Build.0 = SingleImage
		{A71613E9-38B3-4CCA-B291-2BF604C69632}.Release|x86.ActiveCfg = SingleImage
		{A71613E9-38B3-4CCA-B291-2BF604C69632}.Release|x86.Build.0 = SingleImage
		{A71613E9-38B3-4CCA-B291-2BF604C69632}.SingleImage|Any CPU.ActiveCfg = SingleImage
		{A71613E9-38B3-4CCA-B291-2BF604C69632}.SingleImage|Any CPU.Build.0 = SingleImage
		{A71613E9-38B3-4CCA-B291-2BF604C69632}.SingleImage|x64.ActiveCfg = SingleImage
		{A71613E9-38B3-4CCA-B291-2BF604C69632}.SingleImage|x64.Build.0 = SingleImage
		{A71613E9-38B3-4CCA-B291-2BF604C69632}.SingleImage|x86.ActiveCfg = SingleImage
		{A71613E9-38B3-4CCA-B291-2BF604C69632}.SingleImage|x86.Build.0 = SingleImage
	EndGlobalSection
	GlobalSection(SolutionProperties) = preSolution
		HideSolutionNode = FALSE
	EndGlobalSection
	GlobalSection(ExtensibilityGlobals) = postSolution
		SolutionGuid = {21161E4B-DA3A-49B0-97E1-F93F1844C95D}
	EndGlobalSection
EndGlobal
